
Microsoft Visual Studio Solution File, Format Version 12.00
# Visual Studio Version 16
VisualStudioVersion = 16.0.30523.141
MinimumVisualStudioVersion = 10.0.40219.1
Project("{FAE04EC0-301F-11D3-BF4B-00C04F79EFBC}") = "Invelitori Convexe", "Invelitori Convexe.csproj", "{ACD0B3ED-5401-467A-97DB-8FDE6905900A}"
EndProject
Global
	GlobalSection(SolutionConfigurationPlatforms) = preSolution
		Debug|Any CPU = Debug|Any CPU
		Release|Any CPU = Release|Any CPU
	EndGlobalSection
	GlobalSection(ProjectConfigurationPlatforms) = postSolution
		{ACD0B3ED-5401-467A-97DB-8FDE6905900A}.Debug|Any CPU.ActiveCfg = Debug|Any CPU
		{ACD0B3ED-5401-467A-97DB-8FDE6905900A}.Debug|Any CPU.Build.0 = Debug|Any CPU
		{ACD0B3ED-5401-467A-97DB-8FDE6905900A}.Release|Any CPU.ActiveCfg = Release|Any CPU
		{ACD0B3ED-5401-467A-97DB-8FDE6905900A}.Release|Any CPU.Build.0 = Release|Any CPU
	EndGlobalSection
	GlobalSection(SolutionProperties) = preSolution
		HideSolutionNode = FALSE
	EndGlobalSection
	GlobalSection(ExtensibilityGlobals) = postSolution
		SolutionGuid = {383F109F-C9CB-4A9A-91FB-E3C445F9D0B7}
	EndGlobalSection
EndGlobal
